
Microsoft Visual Studio Solution File, Format Version 12.00
# Visual Studio Version 17
VisualStudioVersion = 17.8.34309.116
MinimumVisualStudioVersion = 10.0.40219.1
Project("{9A19103F-16F7-4668-BE54-9A1E7A4F7556}") = "DK.AuthService.WebApi", "DK.AuthService.WebApi\DK.AuthService.WebApi.csproj", "{D921A03B-D647-4944-A6A7-AAA19CF2847C}"
EndProject
Project("{9A19103F-16F7-4668-BE54-9A1E7A4F7556}") = "DK.AuthService.Model", "DK.AuthService.Model\DK.AuthService.Model.csproj", "{A439AD45-28DF-4CFE-A36B-6D5491E77806}"
EndProject
Project("{9A19103F-16F7-4668-BE54-9A1E7A4F7556}") = "DK.AuthService.Infrastructure", "DK.AuthService.Infrastructure\DK.AuthService.Infrastructure.csproj", "{B26D87DF-13BD-4DF1-89DD-EDE0A23EEEA0}"
EndProject
Project("{9A19103F-16F7-4668-BE54-9A1E7A4F7556}") = "DK.AuthService.Services", "DK.AuthService.Services\DK.AuthService.Services.csproj", "{1D8AEFB1-72F2-4997-AEA4-0B941EF2B1BE}"
EndProject
Project("{FAE04EC0-301F-11D3-BF4B-00C04F79EFBC}") = "DK.AuthService.ServicesTests", "DK.AuthService.ServicesTests\DK.AuthService.ServicesTests.csproj", "{B802415C-F214-4185-B9DE-EF4A3E02AD3C}"
EndProject
Global
	GlobalSection(SolutionConfigurationPlatforms) = preSolution
		Debug|Any CPU = Debug|Any CPU
		Release|Any CPU = Release|Any CPU
	EndGlobalSection
	GlobalSection(ProjectConfigurationPlatforms) = postSolution
		{D921A03B-D647-4944-A6A7-AAA19CF2847C}.Debug|Any CPU.ActiveCfg = Debug|Any CPU
		{D921A03B-D647-4944-A6A7-AAA19CF2847C}.Debug|Any CPU.Build.0 = Debug|Any CPU
		{D921A03B-D647-4944-A6A7-AAA19CF2847C}.Release|Any CPU.ActiveCfg = Release|Any CPU
		{D921A03B-D647-4944-A6A7-AAA19CF2847C}.Release|Any CPU.Build.0 = Release|Any CPU
		{A439AD45-28DF-4CFE-A36B-6D5491E77806}.Debug|Any CPU.ActiveCfg = Debug|Any CPU
		{A439AD45-28DF-4CFE-A36B-6D5491E77806}.Debug|Any CPU.Build.0 = Debug|Any CPU
		{A439AD45-28DF-4CFE-A36B-6D5491E77806}.Release|Any CPU.ActiveCfg = Release|Any CPU
		{A439AD45-28DF-4CFE-A36B-6D5491E77806}.Release|Any CPU.Build.0 = Release|Any CPU
		{B26D87DF-13BD-4DF1-89DD-EDE0A23EEEA0}.Debug|Any CPU.ActiveCfg = Debug|Any CPU
		{B26D87DF-13BD-4DF1-89DD-EDE0A23EEEA0}.Debug|Any CPU.Build.0 = Debug|Any CPU
		{B26D87DF-13BD-4DF1-89DD-EDE0A23EEEA0}.Release|Any CPU.ActiveCfg = Release|Any CPU
		{B26D87DF-13BD-4DF1-89DD-EDE0A23EEEA0}.Release|Any CPU.Build.0 = Release|Any CPU
		{1D8AEFB1-72F2-4997-AEA4-0B941EF2B1BE}.Debug|Any CPU.ActiveCfg = Debug|Any CPU
		{1D8AEFB1-72F2-4997-AEA4-0B941EF2B1BE}.Debug|Any CPU.Build.0 = Debug|Any CPU
		{1D8AEFB1-72F2-4997-AEA4-0B941EF2B1BE}.Release|Any CPU.ActiveCfg = Release|Any CPU
		{1D8AEFB1-72F2-4997-AEA4-0B941EF2B1BE}.Release|Any CPU.Build.0 = Release|Any CPU
		{B802415C-F214-4185-B9DE-EF4A3E02AD3C}.Debug|Any CPU.ActiveCfg = Debug|Any CPU
		{B802415C-F214-4185-B9DE-EF4A3E02AD3C}.Debug|Any CPU.Build.0 = Debug|Any CPU
		{B802415C-F214-4185-B9DE-EF4A3E02AD3C}.Release|Any CPU.ActiveCfg = Release|Any CPU
		{B802415C-F214-4185-B9DE-EF4A3E02AD3C}.Release|Any CPU.Build.0 = Release|Any CPU
	EndGlobalSection
	GlobalSection(SolutionProperties) = preSolution
		HideSolutionNode = FALSE
	EndGlobalSection
	GlobalSection(ExtensibilityGlobals) = postSolution
		SolutionGuid = {027B8B0A-DF72-4275-A2D8-27C2B92B3A21}
	EndGlobalSection
EndGlobal
